
Microsoft Visual Studio Solution File, Format Version 12.00
# Visual Studio Version 17
VisualStudioVersion = 17.5.002.0
MinimumVisualStudioVersion = 10.0.40219.1
Project("{9A19103F-16F7-4668-BE54-9A1E7A4F7556}") = "CitiesAPI.testes", "CitiesAPI.testes.csproj", "{7E52A60F-6AE4-411D-9F4B-1706872D6640}"
EndProject
Global
	GlobalSection(SolutionConfigurationPlatforms) = preSolution
		Debug|Any CPU = Debug|Any CPU
		Release|Any CPU = Release|Any CPU
	EndGlobalSection
	GlobalSection(ProjectConfigurationPlatforms) = postSolution
		{7E52A60F-6AE4-411D-9F4B-1706872D6640}.Debug|Any CPU.ActiveCfg = Debug|Any CPU
		{7E52A60F-6AE4-411D-9F4B-1706872D6640}.Debug|Any CPU.Build.0 = Debug|Any CPU
		{7E52A60F-6AE4-411D-9F4B-1706872D6640}.Release|Any CPU.ActiveCfg = Release|Any CPU
		{7E52A60F-6AE4-411D-9F4B-1706872D6640}.Release|Any CPU.Build.0 = Release|Any CPU
	EndGlobalSection
	GlobalSection(SolutionProperties) = preSolution
		HideSolutionNode = FALSE
	EndGlobalSection
	GlobalSection(ExtensibilityGlobals) = postSolution
		SolutionGuid = {DD21DA97-8547-4D9D-AF6E-D78B100984B1}
	EndGlobalSection
EndGlobal
